// !$*UTF8*$!
{
	archiveVersion = 1;
	classes = {
	};
	objectVersion = 56;
	objects = {

/* Begin PBXBuildFile section */
		4B42181B2BE3D4A5001B911C /* AppDelegate.swift in Sources */ = {isa = PBXBuildFile; fileRef = 4B42181A2BE3D4A5001B911C /* AppDelegate.swift */; };
		4B42181F2BE3D4A5001B911C /* ViewController.swift in Sources */ = {isa = PBXBuildFile; fileRef = 4B42181E2BE3D4A5001B911C /* ViewController.swift */; };
		4B4218242BE3D4A6001B911C /* Assets.xcassets in Resources */ = {isa = PBXBuildFile; fileRef = 4B4218232BE3D4A6001B911C /* Assets.xcassets */; };
		4B4218272BE3D4A6001B911C /* LaunchScreen.storyboard in Resources */ = {isa = PBXBuildFile; fileRef = 4B4218252BE3D4A6001B911C /* LaunchScreen.storyboard */; };
		4B4218322BE3D4A6001B911C /* MainAppTests.swift in Sources */ = {isa = PBXBuildFile; fileRef = 4B4218312BE3D4A6001B911C /* MainAppTests.swift */; };
		4B42183C2BE3D4A6001B911C /* MainAppUITests.swift in Sources */ = {isa = PBXBuildFile; fileRef = 4B42183B2BE3D4A6001B911C /* MainAppUITests.swift */; };
		4B42183E2BE3D4A6001B911C /* MainAppUITestsLaunchTests.swift in Sources */ = {isa = PBXBuildFile; fileRef = 4B42183D2BE3D4A6001B911C /* MainAppUITestsLaunchTests.swift */; };
		4B4218A52BE3D528001B911C /* UniversityList.framework in Frameworks */ = {isa = PBXBuildFile; fileRef = 4B4218742BE3D4EF001B911C /* UniversityList.framework */; };
		4B4218A62BE3D528001B911C /* UniversityList.framework in Embed Frameworks */ = {isa = PBXBuildFile; fileRef = 4B4218742BE3D4EF001B911C /* UniversityList.framework */; settings = {ATTRIBUTES = (CodeSignOnCopy, RemoveHeadersOnCopy, ); }; };
		4B4218A82BE3D52F001B911C /* UniversityDetails.framework in Frameworks */ = {isa = PBXBuildFile; fileRef = 4B4218A12BE3D517001B911C /* UniversityDetails.framework */; };
		4B4218A92BE3D52F001B911C /* UniversityDetails.framework in Embed Frameworks */ = {isa = PBXBuildFile; fileRef = 4B4218A12BE3D517001B911C /* UniversityDetails.framework */; settings = {ATTRIBUTES = (CodeSignOnCopy, RemoveHeadersOnCopy, ); }; };
/* End PBXBuildFile section */

/* Begin PBXContainerItemProxy section */
		4B42182E2BE3D4A6001B911C /* PBXContainerItemProxy */ = {
			isa = PBXContainerItemProxy;
			containerPortal = 4B42180F2BE3D4A5001B911C /* Project object */;
			proxyType = 1;
			remoteGlobalIDString = 4B4218162BE3D4A5001B911C;
			remoteInfo = MainApp;
		};
		4B4218382BE3D4A6001B911C /* PBXContainerItemProxy */ = {
			isa = PBXContainerItemProxy;
			containerPortal = 4B42180F2BE3D4A5001B911C /* Project object */;
			proxyType = 1;
			remoteGlobalIDString = 4B4218162BE3D4A5001B911C;
			remoteInfo = MainApp;
		};
		4B4218732BE3D4EF001B911C /* PBXContainerItemProxy */ = {
			isa = PBXContainerItemProxy;
			containerPortal = 4B42186E2BE3D4EF001B911C /* UniversityList.xcodeproj */;
			proxyType = 2;
			remoteGlobalIDString = 4B4218542BE3D4EF001B911C;
			remoteInfo = UniversityList;
		};
		4B4218752BE3D4EF001B911C /* PBXContainerItemProxy */ = {
			isa = PBXContainerItemProxy;
			containerPortal = 4B42186E2BE3D4EF001B911C /* UniversityList.xcodeproj */;
			proxyType = 2;
			remoteGlobalIDString = 4B42185E2BE3D4EF001B911C;
			remoteInfo = UniversityListTests;
		};
		4B4218A02BE3D517001B911C /* PBXContainerItemProxy */ = {
			isa = PBXContainerItemProxy;
			containerPortal = 4B42189B2BE3D517001B911C /* UniversityDetails.xcodeproj */;
			proxyType = 2;
			remoteGlobalIDString = 4B4218812BE3D517001B911C;
			remoteInfo = UniversityDetails;
		};
		4B4218A22BE3D517001B911C /* PBXContainerItemProxy */ = {
			isa = PBXContainerItemProxy;
			containerPortal = 4B42189B2BE3D517001B911C /* UniversityDetails.xcodeproj */;
			proxyType = 2;
			remoteGlobalIDString = 4B42188B2BE3D517001B911C;
			remoteInfo = UniversityDetailsTests;
		};
/* End PBXContainerItemProxy section */

/* Begin PBXCopyFilesBuildPhase section */
		4B4218A72BE3D528001B911C /* Embed Frameworks */ = {
			isa = PBXCopyFilesBuildPhase;
			buildActionMask = 2147483647;
			dstPath = "";
			dstSubfolderSpec = 10;
			files = (
				4B4218A62BE3D528001B911C /* UniversityList.framework in Embed Frameworks */,
				4B4218A92BE3D52F001B911C /* UniversityDetails.framework in Embed Frameworks */,
			);
			name = "Embed Frameworks";
			runOnlyForDeploymentPostprocessing = 0;
		};
/* End PBXCopyFilesBuildPhase section */

/* Begin PBXFileReference section */
		4B4218172BE3D4A5001B911C /* MainApp.app */ = {isa = PBXFileReference; explicitFileType = wrapper.application; includeInIndex = 0; path = MainApp.app; sourceTree = BUILT_PRODUCTS_DIR; };
		4B42181A2BE3D4A5001B911C /* AppDelegate.swift */ = {isa = PBXFileReference; lastKnownFileType = sourcecode.swift; path = AppDelegate.swift; sourceTree = "<group>"; };
		4B42181E2BE3D4A5001B911C /* ViewController.swift */ = {isa = PBXFileReference; lastKnownFileType = sourcecode.swift; path = ViewController.swift; sourceTree = "<group>"; };
		4B4218232BE3D4A6001B911C /* Assets.xcassets */ = {isa = PBXFileReference; lastKnownFileType = folder.assetcatalog; path = Assets.xcassets; sourceTree = "<group>"; };
		4B4218262BE3D4A6001B911C /* Base */ = {isa = PBXFileReference; lastKnownFileType = file.storyboard; name = Base; path = Base.lproj/LaunchScreen.storyboard; sourceTree = "<group>"; };
		4B4218282BE3D4A6001B911C /* Info.plist */ = {isa = PBXFileReference; lastKnownFileType = text.plist.xml; path = Info.plist; sourceTree = "<group>"; };
		4B42182D2BE3D4A6001B911C /* MainAppTests.xctest */ = {isa = PBXFileReference; explicitFileType = wrapper.cfbundle; includeInIndex = 0; path = MainAppTests.xctest; sourceTree = BUILT_PRODUCTS_DIR; };
		4B4218312BE3D4A6001B911C /* MainAppTests.swift */ = {isa = PBXFileReference; lastKnownFileType = sourcecode.swift; path = MainAppTests.swift; sourceTree = "<group>"; };
		4B4218372BE3D4A6001B911C /* MainAppUITests.xctest */ = {isa = PBXFileReference; explicitFileType = wrapper.cfbundle; includeInIndex = 0; path = MainAppUITests.xctest; sourceTree = BUILT_PRODUCTS_DIR; };
		4B42183B2BE3D4A6001B911C /* MainAppUITests.swift */ = {isa = PBXFileReference; lastKnownFileType = sourcecode.swift; path = MainAppUITests.swift; sourceTree = "<group>"; };
		4B42183D2BE3D4A6001B911C /* MainAppUITestsLaunchTests.swift */ = {isa = PBXFileReference; lastKnownFileType = sourcecode.swift; path = MainAppUITestsLaunchTests.swift; sourceTree = "<group>"; };
		4B42186E2BE3D4EF001B911C /* UniversityList.xcodeproj */ = {isa = PBXFileReference; lastKnownFileType = "wrapper.pb-project"; name = UniversityList.xcodeproj; path = ../UniversityList/UniversityList.xcodeproj; sourceTree = "<group>"; };
		4B42189B2BE3D517001B911C /* UniversityDetails.xcodeproj */ = {isa = PBXFileReference; lastKnownFileType = "wrapper.pb-project"; name = UniversityDetails.xcodeproj; path = ../UniversityDetails/UniversityDetails.xcodeproj; sourceTree = "<group>"; };
/* End PBXFileReference section */

/* Begin PBXFrameworksBuildPhase section */
		4B4218142BE3D4A5001B911C /* Frameworks */ = {
			isa = PBXFrameworksBuildPhase;
			buildActionMask = 2147483647;
			files = (
				4B4218A52BE3D528001B911C /* UniversityList.framework in Frameworks */,
				4B4218A82BE3D52F001B911C /* UniversityDetails.framework in Frameworks */,
			);
			runOnlyForDeploymentPostprocessing = 0;
		};
		4B42182A2BE3D4A6001B911C /* Frameworks */ = {
			isa = PBXFrameworksBuildPhase;
			buildActionMask = 2147483647;
			files = (
			);
			runOnlyForDeploymentPostprocessing = 0;
		};
		4B4218342BE3D4A6001B911C /* Frameworks */ = {
			isa = PBXFrameworksBuildPhase;
			buildActionMask = 2147483647;
			files = (
			);
			runOnlyForDeploymentPostprocessing = 0;
		};
/* End PBXFrameworksBuildPhase section */

/* Begin PBXGroup section */
		4B42180E2BE3D4A5001B911C = {
			isa = PBXGroup;
			children = (
				4B42186E2BE3D4EF001B911C /* UniversityList.xcodeproj */,
				4B42189B2BE3D517001B911C /* UniversityDetails.xcodeproj */,
				4B4218192BE3D4A5001B911C /* MainApp */,
				4B4218302BE3D4A6001B911C /* MainAppTests */,
				4B42183A2BE3D4A6001B911C /* MainAppUITests */,
				4B4218182BE3D4A5001B911C /* Products */,
				4B4218A42BE3D528001B911C /* Frameworks */,
			);
			sourceTree = "<group>";
		};
		4B4218182BE3D4A5001B911C /* Products */ = {
			isa = PBXGroup;
			children = (
				4B4218172BE3D4A5001B911C /* MainApp.app */,
				4B42182D2BE3D4A6001B911C /* MainAppTests.xctest */,
				4B4218372BE3D4A6001B911C /* MainAppUITests.xctest */,
			);
			name = Products;
			sourceTree = "<group>";
		};
		4B4218192BE3D4A5001B911C /* MainApp */ = {
			isa = PBXGroup;
			children = (
				4B42181A2BE3D4A5001B911C /* AppDelegate.swift */,
				4B42181E2BE3D4A5001B911C /* ViewController.swift */,
				4B4218232BE3D4A6001B911C /* Assets.xcassets */,
				4B4218252BE3D4A6001B911C /* LaunchScreen.storyboard */,
				4B4218282BE3D4A6001B911C /* Info.plist */,
			);
			path = MainApp;
			sourceTree = "<group>";
		};
		4B4218302BE3D4A6001B911C /* MainAppTests */ = {
			isa = PBXGroup;
			children = (
				4B4218312BE3D4A6001B911C /* MainAppTests.swift */,
			);
			path = MainAppTests;
			sourceTree = "<group>";
		};
		4B42183A2BE3D4A6001B911C /* MainAppUITests */ = {
			isa = PBXGroup;
			children = (
				4B42183B2BE3D4A6001B911C /* MainAppUITests.swift */,
				4B42183D2BE3D4A6001B911C /* MainAppUITestsLaunchTests.swift */,
			);
			path = MainAppUITests;
			sourceTree = "<group>";
		};
		4B42186F2BE3D4EF001B911C /* Products */ = {
			isa = PBXGroup;
			children = (
				4B4218742BE3D4EF001B911C /* UniversityList.framework */,
				4B4218762BE3D4EF001B911C /* UniversityListTests.xctest */,
			);
			name = Products;
			sourceTree = "<group>";
		};
		4B42189C2BE3D517001B911C /* Products */ = {
			isa = PBXGroup;
			children = (
				4B4218A12BE3D517001B911C /* UniversityDetails.framework */,
				4B4218A32BE3D517001B911C /* UniversityDetailsTests.xctest */,
			);
			name = Products;
			sourceTree = "<group>";
		};
		4B4218A42BE3D528001B911C /* Frameworks */ = {
			isa = PBXGroup;
			children = (
			);
			name = Frameworks;
			sourceTree = "<group>";
		};
/* End PBXGroup section */

/* Begin PBXNativeTarget section */
		4B4218162BE3D4A5001B911C /* MainApp */ = {
			isa = PBXNativeTarget;
			buildConfigurationList = 4B4218412BE3D4A6001B911C /* Build configuration list for PBXNativeTarget "MainApp" */;
			buildPhases = (
				4B4218132BE3D4A5001B911C /* Sources */,
				4B4218142BE3D4A5001B911C /* Frameworks */,
				4B4218152BE3D4A5001B911C /* Resources */,
				4B4218A72BE3D528001B911C /* Embed Frameworks */,
			);
			buildRules = (
			);
			dependencies = (
			);
			name = MainApp;
			productName = MainApp;
			productReference = 4B4218172BE3D4A5001B911C /* MainApp.app */;
			productType = "com.apple.product-type.application";
		};
		4B42182C2BE3D4A6001B911C /* MainAppTests */ = {
			isa = PBXNativeTarget;
			buildConfigurationList = 4B4218442BE3D4A6001B911C /* Build configuration list for PBXNativeTarget "MainAppTests" */;
			buildPhases = (
				4B4218292BE3D4A6001B911C /* Sources */,
				4B42182A2BE3D4A6001B911C /* Frameworks */,
				4B42182B2BE3D4A6001B911C /* Resources */,
			);
			buildRules = (
			);
			dependencies = (
				4B42182F2BE3D4A6001B911C /* PBXTargetDependency */,
			);
			name = MainAppTests;
			productName = MainAppTests;
			productReference = 4B42182D2BE3D4A6001B911C /* MainAppTests.xctest */;
			productType = "com.apple.product-type.bundle.unit-test";
		};
		4B4218362BE3D4A6001B911C /* MainAppUITests */ = {
			isa = PBXNativeTarget;
			buildConfigurationList = 4B4218472BE3D4A6001B911C /* Build configuration list for PBXNativeTarget "MainAppUITests" */;
			buildPhases = (
				4B4218332BE3D4A6001B911C /* Sources */,
				4B4218342BE3D4A6001B911C /* Frameworks */,
				4B4218352BE3D4A6001B911C /* Resources */,
			);
			buildRules = (
			);
			dependencies = (
				4B4218392BE3D4A6001B911C /* PBXTargetDependency */,
			);
			name = MainAppUITests;
			productName = MainAppUITests;
			productReference = 4B4218372BE3D4A6001B911C /* MainAppUITests.xctest */;
			productType = "com.apple.product-type.bundle.ui-testing";
		};
/* End PBXNativeTarget section */

/* Begin PBXProject section */
		4B42180F2BE3D4A5001B911C /* Project object */ = {
			isa = PBXProject;
			attributes = {
				BuildIndependentTargetsInParallel = 1;
				LastSwiftUpdateCheck = 1500;
				LastUpgradeCheck = 1500;
				TargetAttributes = {
					4B4218162BE3D4A5001B911C = {
						CreatedOnToolsVersion = 15.0.1;
					};
					4B42182C2BE3D4A6001B911C = {
						CreatedOnToolsVersion = 15.0.1;
						TestTargetID = 4B4218162BE3D4A5001B911C;
					};
					4B4218362BE3D4A6001B911C = {
						CreatedOnToolsVersion = 15.0.1;
						TestTargetID = 4B4218162BE3D4A5001B911C;
					};
				};
			};
			buildConfigurationList = 4B4218122BE3D4A5001B911C /* Build configuration list for PBXProject "MainApp" */;
			compatibilityVersion = "Xcode 14.0";
			developmentRegion = en;
			hasScannedForEncodings = 0;
			knownRegions = (
				en,
				Base,
			);
			mainGroup = 4B42180E2BE3D4A5001B911C;
			productRefGroup = 4B4218182BE3D4A5001B911C /* Products */;
			projectDirPath = "";
			projectReferences = (
				{
					ProductGroup = 4B42189C2BE3D517001B911C /* Products */;
					ProjectRef = 4B42189B2BE3D517001B911C /* UniversityDetails.xcodeproj */;
				},
				{
					ProductGroup = 4B42186F2BE3D4EF001B911C /* Products */;
					ProjectRef = 4B42186E2BE3D4EF001B911C /* UniversityList.xcodeproj */;
				},
			);
			projectRoot = "";
			targets = (
				4B4218162BE3D4A5001B911C /* MainApp */,
				4B42182C2BE3D4A6001B911C /* MainAppTests */,
				4B4218362BE3D4A6001B911C /* MainAppUITests */,
			);
		};
/* End PBXProject section */

/* Begin PBXReferenceProxy section */
		4B4218742BE3D4EF001B911C /* UniversityList.framework */ = {
			isa = PBXReferenceProxy;
			fileType = wrapper.framework;
			path = UniversityList.framework;
			remoteRef = 4B4218732BE3D4EF001B911C /* PBXContainerItemProxy */;
			sourceTree = BUILT_PRODUCTS_DIR;
		};
		4B4218762BE3D4EF001B911C /* UniversityListTests.xctest */ = {
			isa = PBXReferenceProxy;
			fileType = wrapper.cfbundle;
			path = UniversityListTests.xctest;
			remoteRef = 4B4218752BE3D4EF001B911C /* PBXContainerItemProxy */;
			sourceTree = BUILT_PRODUCTS_DIR;
		};
		4B4218A12BE3D517001B911C /* UniversityDetails.framework */ = {
			isa = PBXReferenceProxy;
			fileType = wrapper.framework;
			path = UniversityDetails.framework;
			remoteRef = 4B4218A02BE3D517001B911C /* PBXContainerItemProxy */;
			sourceTree = BUILT_PRODUCTS_DIR;
		};
		4B4218A32BE3D517001B911C /* UniversityDetailsTests.xctest */ = {
			isa = PBXReferenceProxy;
			fileType = wrapper.cfbundle;
			path = UniversityDetailsTests.xctest;
			remoteRef = 4B4218A22BE3D517001B911C /* PBXContainerItemProxy */;
			sourceTree = BUILT_PRODUCTS_DIR;
		};
/* End PBXReferenceProxy section */

/* Begin PBXResourcesBuildPhase section */
		4B4218152BE3D4A5001B911C /* Resources */ = {
			isa = PBXResourcesBuildPhase;
			buildActionMask = 2147483647;
			files = (
				4B4218272BE3D4A6001B911C /* LaunchScreen.storyboard in Resources */,
				4B4218242BE3D4A6001B911C /* Assets.xcassets in Resources */,
			);
			runOnlyForDeploymentPostprocessing = 0;
		};
		4B42182B2BE3D4A6001B911C /* Resources */ = {
			isa = PBXResourcesBuildPhase;
			buildActionMask = 2147483647;
			files = (
			);
			runOnlyForDeploymentPostprocessing = 0;
		};
		4B4218352BE3D4A6001B911C /* Resources */ = {
			isa = PBXResourcesBuildPhase;
			buildActionMask = 2147483647;
			files = (
			);
			runOnlyForDeploymentPostprocessing = 0;
		};
/* End PBXResourcesBuildPhase section */

/* Begin PBXSourcesBuildPhase section */
		4B4218132BE3D4A5001B911C /* Sources */ = {
			isa = PBXSourcesBuildPhase;
			buildActionMask = 2147483647;
			files = (
				4B42181F2BE3D4A5001B911C /* ViewController.swift in Sources */,
				4B42181B2BE3D4A5001B911C /* AppDelegate.swift in Sources */,
			);
			runOnlyForDeploymentPostprocessing = 0;
		};
		4B4218292BE3D4A6001B911C /* Sources */ = {
			isa = PBXSourcesBuildPhase;
			buildActionMask = 2147483647;
			files = (
				4B4218322BE3D4A6001B911C /* MainAppTests.swift in Sources */,
			);
			runOnlyForDeploymentPostprocessing = 0;
		};
		4B4218332BE3D4A6001B911C /* Sources */ = {
			isa = PBXSourcesBuildPhase;
			buildActionMask = 2147483647;
			files = (
				4B42183C2BE3D4A6001B911C /* MainAppUITests.swift in Sources */,
				4B42183E2BE3D4A6001B911C /* MainAppUITestsLaunchTests.swift in Sources */,
			);
			runOnlyForDeploymentPostprocessing = 0;
		};
/* End PBXSourcesBuildPhase section */

/* Begin PBXTargetDependency section */
		4B42182F2BE3D4A6001B911C /* PBXTargetDependency */ = {
			isa = PBXTargetDependency;
			target = 4B4218162BE3D4A5001B911C /* MainApp */;
			targetProxy = 4B42182E2BE3D4A6001B911C /* PBXContainerItemProxy */;
		};
		4B4218392BE3D4A6001B911C /* PBXTargetDependency */ = {
			isa = PBXTargetDependency;
			target = 4B4218162BE3D4A5001B911C /* MainApp */;
			targetProxy = 4B4218382BE3D4A6001B911C /* PBXContainerItemProxy */;
		};
/* End PBXTargetDependency section */

/* Begin PBXVariantGroup section */
		4B4218252BE3D4A6001B911C /* LaunchScreen.storyboard */ = {
			isa = PBXVariantGroup;
			children = (
				4B4218262BE3D4A6001B911C /* Base */,
			);
			name = LaunchScreen.storyboard;
			sourceTree = "<group>";
		};
/* End PBXVariantGroup section */

/* Begin XCBuildConfiguration section */
		4B42183F2BE3D4A6001B911C /* Debug */ = {
			isa = XCBuildConfiguration;
			buildSettings = {
				ALWAYS_SEARCH_USER_PATHS = NO;
				ASSETCATALOG_COMPILER_GENERATE_SWIFT_ASSET_SYMBOL_EXTENSIONS = YES;
				CLANG_ANALYZER_NONNULL = YES;
				CLANG_ANALYZER_NUMBER_OBJECT_CONVERSION = YES_AGGRESSIVE;
				CLANG_CXX_LANGUAGE_STANDARD = "gnu++20";
				CLANG_ENABLE_MODULES = YES;
				CLANG_ENABLE_OBJC_ARC = YES;
				CLANG_ENABLE_OBJC_WEAK = YES;
				CLANG_WARN_BLOCK_CAPTURE_AUTORELEASING = YES;
				CLANG_WARN_BOOL_CONVERSION = YES;
				CLANG_WARN_COMMA = YES;
				CLANG_WARN_CONSTANT_CONVERSION = YES;
				CLANG_WARN_DEPRECATED_OBJC_IMPLEMENTATIONS = YES;
				CLANG_WARN_DIRECT_OBJC_ISA_USAGE = YES_ERROR;
				CLANG_WARN_DOCUMENTATION_COMMENTS = YES;
				CLANG_WARN_EMPTY_BODY = YES;
				CLANG_WARN_ENUM_CONVERSION = YES;
				CLANG_WARN_INFINITE_RECURSION = YES;
				CLANG_WARN_INT_CONVERSION = YES;
				CLANG_WARN_NON_LITERAL_NULL_CONVERSION = YES;
				CLANG_WARN_OBJC_IMPLICIT_RETAIN_SELF = YES;
				CLANG_WARN_OBJC_LITERAL_CONVERSION = YES;
				CLANG_WARN_OBJC_ROOT_CLASS = YES_ERROR;
				CLANG_WARN_QUOTED_INCLUDE_IN_FRAMEWORK_HEADER = YES;
				CLANG_WARN_RANGE_LOOP_ANALYSIS = YES;
				CLANG_WARN_STRICT_PROTOTYPES = YES;
				CLANG_WARN_SUSPICIOUS_MOVE = YES;
				CLANG_WARN_UNGUARDED_AVAILABILITY = YES_AGGRESSIVE;
				CLANG_WARN_UNREACHABLE_CODE = YES;
				CLANG_WARN__DUPLICATE_METHOD_MATCH = YES;
				COPY_PHASE_STRIP = NO;
				DEBUG_INFORMATION_FORMAT = dwarf;
				ENABLE_STRICT_OBJC_MSGSEND = YES;
				ENABLE_TESTABILITY = YES;
				ENABLE_USER_SCRIPT_SANDBOXING = YES;
				GCC_C_LANGUAGE_STANDARD = gnu17;
				GCC_DYNAMIC_NO_PIC = NO;
				GCC_NO_COMMON_BLOCKS = YES;
				GCC_OPTIMIZATION_LEVEL = 0;
				GCC_PREPROCESSOR_DEFINITIONS = (
					"DEBUG=1",
					"$(inherited)",
				);
				GCC_WARN_64_TO_32_BIT_CONVERSION = YES;
				GCC_WARN_ABOUT_RETURN_TYPE = YES_ERROR;
				GCC_WARN_UNDECLARED_SELECTOR = YES;
				GCC_WARN_UNINITIALIZED_AUTOS = YES_AGGRESSIVE;
				GCC_WARN_UNUSED_FUNCTION = YES;
				GCC_WARN_UNUSED_VARIABLE = YES;
				IPHONEOS_DEPLOYMENT_TARGET = 17.0;
				LOCALIZATION_PREFERS_STRING_CATALOGS = YES;
				MTL_ENABLE_DEBUG_INFO = INCLUDE_SOURCE;
				MTL_FAST_MATH = YES;
				ONLY_ACTIVE_ARCH = YES;
				SDKROOT = iphoneos;
				SWIFT_ACTIVE_COMPILATION_CONDITIONS = "DEBUG $(inherited)";
				SWIFT_OPTIMIZATION_LEVEL = "-Onone";
			};
			name = Debug;
		};
		4B4218402BE3D4A6001B911C /* Release */ = {
			isa = XCBuildConfiguration;
			buildSettings = {
				ALWAYS_SEARCH_USER_PATHS = NO;
				ASSETCATALOG_COMPILER_GENERATE_SWIFT_ASSET_SYMBOL_EXTENSIONS = YES;
				CLANG_ANALYZER_NONNULL = YES;
				CLANG_ANALYZER_NUMBER_OBJECT_CONVERSION = YES_AGGRESSIVE;
				CLANG_CXX_LANGUAGE_STANDARD = "gnu++20";
				CLANG_ENABLE_MODULES = YES;
				CLANG_ENABLE_OBJC_ARC = YES;
				CLANG_ENABLE_OBJC_WEAK = YES;
				CLANG_WARN_BLOCK_CAPTURE_AUTORELEASING = YES;
				CLANG_WARN_BOOL_CONVERSION = YES;
				CLANG_WARN_COMMA = YES;
				CLANG_WARN_CONSTANT_CONVERSION = YES;
				CLANG_WARN_DEPRECATED_OBJC_IMPLEMENTATIONS = YES;
				CLANG_WARN_DIRECT_OBJC_ISA_USAGE = YES_ERROR;
				CLANG_WARN_DOCUMENTATION_COMMENTS = YES;
				CLANG_WARN_EMPTY_BODY = YES;
				CLANG_WARN_ENUM_CONVERSION = YES;
				CLANG_WARN_INFINITE_RECURSION = YES;
				CLANG_WARN_INT_CONVERSION = YES;
				CLANG_WARN_NON_LITERAL_NULL_CONVERSION = YES;
				CLANG_WARN_OBJC_IMPLICIT_RETAIN_SELF = YES;
				CLANG_WARN_OBJC_LITERAL_CONVERSION = YES;
				CLANG_WARN_OBJC_ROOT_CLASS = YES_ERROR;
				CLANG_WARN_QUOTED_INCLUDE_IN_FRAMEWORK_HEADER = YES;
				CLANG_WARN_RANGE_LOOP_ANALYSIS = YES;
				CLANG_WARN_STRICT_PROTOTYPES = YES;
				CLANG_WARN_SUSPICIOUS_MOVE = YES;
				CLANG_WARN_UNGUARDED_AVAILABILITY = YES_AGGRESSIVE;
				CLANG_WARN_UNREACHABLE_CODE = YES;
				CLANG_WARN__DUPLICATE_METHOD_MATCH = YES;
				COPY_PHASE_STRIP = NO;
				DEBUG_INFORMATION_FORMAT = "dwarf-with-dsym";
				ENABLE_NS_ASSERTIONS = NO;
				ENABLE_STRICT_OBJC_MSGSEND = YES;
				ENABLE_USER_SCRIPT_SANDBOXING = YES;
				GCC_C_LANGUAGE_STANDARD = gnu17;
				GCC_NO_COMMON_BLOCKS = YES;
				GCC_WARN_64_TO_32_BIT_CONVERSION = YES;
				GCC_WARN_ABOUT_RETURN_TYPE = YES_ERROR;
				GCC_WARN_UNDECLARED_SELECTOR = YES;
				GCC_WARN_UNINITIALIZED_AUTOS = YES_AGGRESSIVE;
				GCC_WARN_UNUSED_FUNCTION = YES;
				GCC_WARN_UNUSED_VARIABLE = YES;
				IPHONEOS_DEPLOYMENT_TARGET = 17.0;
				LOCALIZATION_PREFERS_STRING_CATALOGS = YES;
				MTL_ENABLE_DEBUG_INFO = NO;
				MTL_FAST_MATH = YES;
				SDKROOT = iphoneos;
				SWIFT_COMPILATION_MODE = wholemodule;
				VALIDATE_PRODUCT = YES;
			};
			name = Release;
		};
		4B4218422BE3D4A6001B911C /* Debug */ = {
			isa = XCBuildConfiguration;
			buildSettings = {
				ASSETCATALOG_COMPILER_APPICON_NAME = AppIcon;
				ASSETCATALOG_COMPILER_GLOBAL_ACCENT_COLOR_NAME = AccentColor;
				CODE_SIGN_STYLE = Automatic;
				CURRENT_PROJECT_VERSION = 1;
				DEVELOPMENT_TEAM = PMW98A49XJ;
				GENERATE_INFOPLIST_FILE = YES;
				INFOPLIST_FILE = MainApp/Info.plist;
				INFOPLIST_KEY_UIApplicationSupportsIndirectInputEvents = YES;
				INFOPLIST_KEY_UILaunchStoryboardName = LaunchScreen;
				INFOPLIST_KEY_UISupportedInterfaceOrientations_iPad = "UIInterfaceOrientationPortrait UIInterfaceOrientationPortraitUpsideDown UIInterfaceOrientationLandscapeLeft UIInterfaceOrientationLandscapeRight";
				INFOPLIST_KEY_UISupportedInterfaceOrientations_iPhone = "UIInterfaceOrientationPortrait UIInterfaceOrientationLandscapeLeft UIInterfaceOrientationLandscapeRight";
				LD_RUNPATH_SEARCH_PATHS = (
					"$(inherited)",
					"@executable_path/Frameworks",
				);
				MARKETING_VERSION = 1.0;
				PRODUCT_BUNDLE_IDENTIFIER = com.mahmoud.tamm.task.MainApp;
				PRODUCT_NAME = "$(TARGET_NAME)";
				SWIFT_EMIT_LOC_STRINGS = YES;
				SWIFT_VERSION = 5.0;
				TARGETED_DEVICE_FAMILY = "1,2";
			};
			name = Debug;
		};
		4B4218432BE3D4A6001B911C /* Release */ = {
			isa = XCBuildConfiguration;
			buildSettings = {
				ASSETCATALOG_COMPILER_APPICON_NAME = AppIcon;
				ASSETCATALOG_COMPILER_GLOBAL_ACCENT_COLOR_NAME = AccentColor;
				CODE_SIGN_STYLE = Automatic;
				CURRENT_PROJECT_VERSION = 1;
				DEVELOPMENT_TEAM = PMW98A49XJ;
				GENERATE_INFOPLIST_FILE = YES;
				INFOPLIST_FILE = MainApp/Info.plist;
				INFOPLIST_KEY_UIApplicationSupportsIndirectInputEvents = YES;
				INFOPLIST_KEY_UILaunchStoryboardName = LaunchScreen;
				INFOPLIST_KEY_UISupportedInterfaceOrientations_iPad = "UIInterfaceOrientationPortrait UIInterfaceOrientationPortraitUpsideDown UIInterfaceOrientationLandscapeLeft UIInterfaceOrientationLandscapeRight";
				INFOPLIST_KEY_UISupportedInterfaceOrientations_iPhone = "UIInterfaceOrientationPortrait UIInterfaceOrientationLandscapeLeft UIInterfaceOrientationLandscapeRight";
				LD_RUNPATH_SEARCH_PATHS = (
					"$(inherited)",
					"@executable_path/Frameworks",
				);
				MARKETING_VERSION = 1.0;
				PRODUCT_BUNDLE_IDENTIFIER = com.mahmoud.tamm.task.MainApp;
				PRODUCT_NAME = "$(TARGET_NAME)";
				SWIFT_EMIT_LOC_STRINGS = YES;
				SWIFT_VERSION = 5.0;
				TARGETED_DEVICE_FAMILY = "1,2";
			};
			name = Release;
		};
		4B4218452BE3D4A6001B911C /* Debug */ = {
			isa = XCBuildConfiguration;
			buildSettings = {
				ALWAYS_EMBED_SWIFT_STANDARD_LIBRARIES = YES;
				BUNDLE_LOADER = "$(TEST_HOST)";
				CODE_SIGN_STYLE = Automatic;
				CURRENT_PROJECT_VERSION = 1;
				DEVELOPMENT_TEAM = PMW98A49XJ;
				GENERATE_INFOPLIST_FILE = YES;
				IPHONEOS_DEPLOYMENT_TARGET = 17.0;
				MARKETING_VERSION = 1.0;
				PRODUCT_BUNDLE_IDENTIFIER = com.mahmoud.tamm.task.MainAppTests;
				PRODUCT_NAME = "$(TARGET_NAME)";
				SWIFT_EMIT_LOC_STRINGS = NO;
				SWIFT_VERSION = 5.0;
				TARGETED_DEVICE_FAMILY = "1,2";
				TEST_HOST = "$(BUILT_PRODUCTS_DIR)/MainApp.app/$(BUNDLE_EXECUTABLE_FOLDER_PATH)/MainApp";
			};
			name = Debug;
		};
		4B4218462BE3D4A6001B911C /* Release */ = {
			isa = XCBuildConfiguration;
			buildSettings = {
				ALWAYS_EMBED_SWIFT_STANDARD_LIBRARIES = YES;
				BUNDLE_LOADER = "$(TEST_HOST)";
				CODE_SIGN_STYLE = Automatic;
				CURRENT_PROJECT_VERSION = 1;
				DEVELOPMENT_TEAM = PMW98A49XJ;
				GENERATE_INFOPLIST_FILE = YES;
				IPHONEOS_DEPLOYMENT_TARGET = 17.0;
				MARKETING_VERSION = 1.0;
				PRODUCT_BUNDLE_IDENTIFIER = com.mahmoud.tamm.task.MainAppTests;
				PRODUCT_NAME = "$(TARGET_NAME)";
				SWIFT_EMIT_LOC_STRINGS = NO;
				SWIFT_VERSION = 5.0;
				TARGETED_DEVICE_FAMILY = "1,2";
				TEST_HOST = "$(BUILT_PRODUCTS_DIR)/MainApp.app/$(BUNDLE_EXECUTABLE_FOLDER_PATH)/MainApp";
			};
			name = Release;
		};
		4B4218482BE3D4A6001B911C /* Debug */ = {
			isa = XCBuildConfiguration;
			buildSettings = {
				ALWAYS_EMBED_SWIFT_STANDARD_LIBRARIES = YES;
				CODE_SIGN_STYLE = Automatic;
				CURRENT_PROJECT_VERSION = 1;
				DEVELOPMENT_TEAM = PMW98A49XJ;
				GENERATE_INFOPLIST_FILE = YES;
				MARKETING_VERSION = 1.0;
				PRODUCT_BUNDLE_IDENTIFIER = com.mahmoud.tamm.task.MainAppUITests;
				PRODUCT_NAME = "$(TARGET_NAME)";
				SWIFT_EMIT_LOC_STRINGS = NO;
				SWIFT_VERSION = 5.0;
				TARGETED_DEVICE_FAMILY = "1,2";
				TEST_TARGET_NAME = MainApp;
			};
			name = Debug;
		};
		4B4218492BE3D4A6001B911C /* Release */ = {
			isa = XCBuildConfiguration;
			buildSettings = {
				ALWAYS_EMBED_SWIFT_STANDARD_LIBRARIES = YES;
				CODE_SIGN_STYLE = Automatic;
				CURRENT_PROJECT_VERSION = 1;
				DEVELOPMENT_TEAM = PMW98A49XJ;
				GENERATE_INFOPLIST_FILE = YES;
				MARKETING_VERSION = 1.0;
				PRODUCT_BUNDLE_IDENTIFIER = com.mahmoud.tamm.task.MainAppUITests;
				PRODUCT_NAME = "$(TARGET_NAME)";
				SWIFT_EMIT_LOC_STRINGS = NO;
				SWIFT_VERSION = 5.0;
				TARGETED_DEVICE_FAMILY = "1,2";
				TEST_TARGET_NAME = MainApp;
			};
			name = Release;
		};
/* End XCBuildConfiguration section */

/* Begin XCConfigurationList section */
		4B4218122BE3D4A5001B911C /* Build configuration list for PBXProject "MainApp" */ = {
			isa = XCConfigurationList;
			buildConfigurations = (
				4B42183F2BE3D4A6001B911C /* Debug */,
				4B4218402BE3D4A6001B911C /* Release */,
			);
			defaultConfigurationIsVisible = 0;
			defaultConfigurationName = Release;
		};
		4B4218412BE3D4A6001B911C /* Build configuration list for PBXNativeTarget "MainApp" */ = {
			isa = XCConfigurationList;
			buildConfigurations = (
				4B4218422BE3D4A6001B911C /* Debug */,
				4B4218432BE3D4A6001B911C /* Release */,
			);
			defaultConfigurationIsVisible = 0;
			defaultConfigurationName = Release;
		};
		4B4218442BE3D4A6001B911C /* Build configuration list for PBXNativeTarget "MainAppTests" */ = {
			isa = XCConfigurationList;
			buildConfigurations = (
				4B4218452BE3D4A6001B911C /* Debug */,
				4B4218462BE3D4A6001B911C /* Release */,
			);
			defaultConfigurationIsVisible = 0;
			defaultConfigurationName = Release;
		};
		4B4218472BE3D4A6001B911C /* Build configuration list for PBXNativeTarget "MainAppUITests" */ = {
			isa = XCConfigurationList;
			buildConfigurations = (
				4B4218482BE3D4A6001B911C /* Debug */,
				4B4218492BE3D4A6001B911C /* Release */,
			);
			defaultConfigurationIsVisible = 0;
			defaultConfigurationName = Release;
		};
/* End XCConfigurationList section */
	};
	rootObject = 4B42180F2BE3D4A5001B911C /* Project object */;
}
